
Microsoft Visual Studio Solution File, Format Version 12.00
# Visual Studio Version 17
VisualStudioVersion = 17.14.36109.1 d17.14
MinimumVisualStudioVersion = 10.0.40219.1
Project("{FAE04EC0-301F-11D3-BF4B-00C04F79EFBC}") = "client-service", "client-service.csproj", "{163CEA8E-FBF4-465A-8047-4F045D87FE8F}"
EndProject
Global
	GlobalSection(SolutionConfigurationPlatforms) = preSolution
		Debug|Any CPU = Debug|Any CPU
		Release|Any CPU = Release|Any CPU
	EndGlobalSection
	GlobalSection(ProjectConfigurationPlatforms) = postSolution
		{163CEA8E-FBF4-465A-8047-4F045D87FE8F}.Debug|Any CPU.ActiveCfg = Debug|Any CPU
		{163CEA8E-FBF4-465A-8047-4F045D87FE8F}.Debug|Any CPU.Build.0 = Debug|Any CPU
		{163CEA8E-FBF4-465A-8047-4F045D87FE8F}.Release|Any CPU.ActiveCfg = Release|Any CPU
		{163CEA8E-FBF4-465A-8047-4F045D87FE8F}.Release|Any CPU.Build.0 = Release|Any CPU
	EndGlobalSection
	GlobalSection(SolutionProperties) = preSolution
		HideSolutionNode = FALSE
	EndGlobalSection
	GlobalSection(ExtensibilityGlobals) = postSolution
		SolutionGuid = {5A794A74-3AA7-4E4B-A1B9-1EFD82680430}
	EndGlobalSection
EndGlobal
